
Microsoft Visual Studio Solution File, Format Version 12.00
# Visual Studio Version 16
VisualStudioVersion = 16.0.810.5
MinimumVisualStudioVersion = 10.0.40219.1
Project("{FAE04EC0-301F-11D3-BF4B-00C04F79EFBC}") = "VideoService", "VideoService\VideoService.csproj", "{C69CB56B-AB31-435A-968F-E34FC5864193}"
EndProject
Global
	GlobalSection(SolutionConfigurationPlatforms) = preSolution
		Debug|Any CPU = Debug|Any CPU
		Release|Any CPU = Release|Any CPU
	EndGlobalSection
	GlobalSection(ProjectConfigurationPlatforms) = postSolution
		{C69CB56B-AB31-435A-968F-E34FC5864193}.Debug|Any CPU.ActiveCfg = Debug|Any CPU
		{C69CB56B-AB31-435A-968F-E34FC5864193}.Debug|Any CPU.Build.0 = Debug|Any CPU
		{C69CB56B-AB31-435A-968F-E34FC5864193}.Release|Any CPU.ActiveCfg = Release|Any CPU
		{C69CB56B-AB31-435A-968F-E34FC5864193}.Release|Any CPU.Build.0 = Release|Any CPU
	EndGlobalSection
	GlobalSection(SolutionProperties) = preSolution
		HideSolutionNode = FALSE
	EndGlobalSection
	GlobalSection(ExtensibilityGlobals) = postSolution
		SolutionGuid = {673F032A-F51A-44AE-A512-4CF82208ACC9}
	EndGlobalSection
EndGlobal
